
Microsoft Visual Studio Solution File, Format Version 12.00
# Visual Studio 15
VisualStudioVersion = 15.0.28010.2046
MinimumVisualStudioVersion = 10.0.40219.1
Project("{FAE04EC0-301F-11D3-BF4B-00C04F79EFBC}") = "MySqlSideKicks.Win", "src\MySqlSideKicks.Win\MySqlSideKicks.Win.csproj", "{7A577947-3BB9-4243-817E-94DFA2902F03}"
EndProject
Global
	GlobalSection(SolutionConfigurationPlatforms) = preSolution
		Debug|Any CPU = Debug|Any CPU
		Release|Any CPU = Release|Any CPU
	EndGlobalSection
	GlobalSection(ProjectConfigurationPlatforms) = postSolution
		{7A577947-3BB9-4243-817E-94DFA2902F03}.Debug|Any CPU.ActiveCfg = Debug|Any CPU
		{7A577947-3BB9-4243-817E-94DFA2902F03}.Debug|Any CPU.Build.0 = Debug|Any CPU
		{7A577947-3BB9-4243-817E-94DFA2902F03}.Release|Any CPU.ActiveCfg = Release|Any CPU
		{7A577947-3BB9-4243-817E-94DFA2902F03}.Release|Any CPU.Build.0 = Release|Any CPU
	EndGlobalSection
	GlobalSection(SolutionProperties) = preSolution
		HideSolutionNode = FALSE
	EndGlobalSection
	GlobalSection(ExtensibilityGlobals) = postSolution
		SolutionGuid = {6DCB82BD-45B6-4A11-82F8-E78094E483A1}
	EndGlobalSection
EndGlobal
